
Microsoft Visual Studio Solution File, Format Version 12.00
# Visual Studio Version 17
VisualStudioVersion = 17.3.32901.215
MinimumVisualStudioVersion = 10.0.40219.1
Project("{9A19103F-16F7-4668-BE54-9A1E7A4F7556}") = "SecureWebApi", "SecureWebApi\SecureWebApi.csproj", "{C64FDAD6-5D61-4C6D-8CD0-B863D8BB2AE4}"
EndProject
Project("{9A19103F-16F7-4668-BE54-9A1E7A4F7556}") = "MsalAuthInBlazor", "MsalAuthInBlazor\MsalAuthInBlazor.csproj", "{0EE6C156-3B6B-4AA7-B5CB-16373D87EE6C}"
EndProject
Global
	GlobalSection(SolutionConfigurationPlatforms) = preSolution
		Debug|Any CPU = Debug|Any CPU
		Release|Any CPU = Release|Any CPU
	EndGlobalSection
	GlobalSection(ProjectConfigurationPlatforms) = postSolution
		{C64FDAD6-5D61-4C6D-8CD0-B863D8BB2AE4}.Debug|Any CPU.ActiveCfg = Debug|Any CPU
		{C64FDAD6-5D61-4C6D-8CD0-B863D8BB2AE4}.Debug|Any CPU.Build.0 = Debug|Any CPU
		{C64FDAD6-5D61-4C6D-8CD0-B863D8BB2AE4}.Release|Any CPU.ActiveCfg = Release|Any CPU
		{C64FDAD6-5D61-4C6D-8CD0-B863D8BB2AE4}.Release|Any CPU.Build.0 = Release|Any CPU
		{0EE6C156-3B6B-4AA7-B5CB-16373D87EE6C}.Debug|Any CPU.ActiveCfg = Debug|Any CPU
		{0EE6C156-3B6B-4AA7-B5CB-16373D87EE6C}.Debug|Any CPU.Build.0 = Debug|Any CPU
		{0EE6C156-3B6B-4AA7-B5CB-16373D87EE6C}.Release|Any CPU.ActiveCfg = Release|Any CPU
		{0EE6C156-3B6B-4AA7-B5CB-16373D87EE6C}.Release|Any CPU.Build.0 = Release|Any CPU
	EndGlobalSection
	GlobalSection(SolutionProperties) = preSolution
		HideSolutionNode = FALSE
	EndGlobalSection
	GlobalSection(ExtensibilityGlobals) = postSolution
		SolutionGuid = {7846E4C6-9CD4-4EF3-868D-AEFB7806057B}
	EndGlobalSection
EndGlobal
